
Microsoft Visual Studio Solution File, Format Version 12.00
# Visual Studio Version 17
VisualStudioVersion = 17.11.35222.181
MinimumVisualStudioVersion = 10.0.40219.1
Project("{FAE04EC0-301F-11D3-BF4B-00C04F79EFBC}") = "Week1FirstApp", "Week1FirstApp\Week1FirstApp.csproj", "{283E6064-912A-411F-AB1D-378A34CAA1EB}"
EndProject
Global
	GlobalSection(SolutionConfigurationPlatforms) = preSolution
		Debug|Any CPU = Debug|Any CPU
		Release|Any CPU = Release|Any CPU
	EndGlobalSection
	GlobalSection(ProjectConfigurationPlatforms) = postSolution
		{283E6064-912A-411F-AB1D-378A34CAA1EB}.Debug|Any CPU.ActiveCfg = Debug|Any CPU
		{283E6064-912A-411F-AB1D-378A34CAA1EB}.Debug|Any CPU.Build.0 = Debug|Any CPU
		{283E6064-912A-411F-AB1D-378A34CAA1EB}.Release|Any CPU.ActiveCfg = Release|Any CPU
		{283E6064-912A-411F-AB1D-378A34CAA1EB}.Release|Any CPU.Build.0 = Release|Any CPU
	EndGlobalSection
	GlobalSection(SolutionProperties) = preSolution
		HideSolutionNode = FALSE
	EndGlobalSection
	GlobalSection(ExtensibilityGlobals) = postSolution
		SolutionGuid = {7731A0C1-05A3-4763-82CC-6B2EB098821C}
	EndGlobalSection
EndGlobal
